
Microsoft Visual Studio Solution File, Format Version 12.00
# Visual Studio Version 17
VisualStudioVersion = 17.11.35312.102
MinimumVisualStudioVersion = 10.0.40219.1
Project("{8BC9CEB8-8B4A-11D0-8D11-00A0C91BC942}") = "Overload_4", "Overload_4\Overload_4.vcxproj", "{1DFCA312-FA0B-4B71-B2BD-6BC3D86D91AD}"
EndProject
Global
	GlobalSection(SolutionConfigurationPlatforms) = preSolution
		Debug|x64 = Debug|x64
		Debug|x86 = Debug|x86
		Release|x64 = Release|x64
		Release|x86 = Release|x86
	EndGlobalSection
	GlobalSection(ProjectConfigurationPlatforms) = postSolution
		{1DFCA312-FA0B-4B71-B2BD-6BC3D86D91AD}.Debug|x64.ActiveCfg = Debug|x64
		{1DFCA312-FA0B-4B71-B2BD-6BC3D86D91AD}.Debug|x64.Build.0 = Debug|x64
		{1DFCA312-FA0B-4B71-B2BD-6BC3D86D91AD}.Debug|x86.ActiveCfg = Debug|Win32
		{1DFCA312-FA0B-4B71-B2BD-6BC3D86D91AD}.Debug|x86.Build.0 = Debug|Win32
		{1DFCA312-FA0B-4B71-B2BD-6BC3D86D91AD}.Release|x64.ActiveCfg = Release|x64
		{1DFCA312-FA0B-4B71-B2BD-6BC3D86D91AD}.Release|x64.Build.0 = Release|x64
		{1DFCA312-FA0B-4B71-B2BD-6BC3D86D91AD}.Release|x86.ActiveCfg = Release|Win32
		{1DFCA312-FA0B-4B71-B2BD-6BC3D86D91AD}.Release|x86.Build.0 = Release|Win32
	EndGlobalSection
	GlobalSection(SolutionProperties) = preSolution
		HideSolutionNode = FALSE
	EndGlobalSection
	GlobalSection(ExtensibilityGlobals) = postSolution
		SolutionGuid = {FD6F1209-15A1-46C4-BDA2-D0722D182E5F}
	EndGlobalSection
EndGlobal
