
Microsoft Visual Studio Solution File, Format Version 12.00
# Visual Studio Version 17
VisualStudioVersion = 17.11.35312.102
MinimumVisualStudioVersion = 10.0.40219.1
Project("{8BC9CEB8-8B4A-11D0-8D11-00A0C91BC942}") = "TemplateCPP", "TemplateCPP\TemplateCPP.vcxproj", "{5FA87B3F-5BF6-4DF5-B83C-33911CA1BA09}"
EndProject
Global
	GlobalSection(SolutionConfigurationPlatforms) = preSolution
		Debug|x64 = Debug|x64
		Debug|x86 = Debug|x86
		Release|x64 = Release|x64
		Release|x86 = Release|x86
	EndGlobalSection
	GlobalSection(ProjectConfigurationPlatforms) = postSolution
		{5FA87B3F-5BF6-4DF5-B83C-33911CA1BA09}.Debug|x64.ActiveCfg = Debug|x64
		{5FA87B3F-5BF6-4DF5-B83C-33911CA1BA09}.Debug|x64.Build.0 = Debug|x64
		{5FA87B3F-5BF6-4DF5-B83C-33911CA1BA09}.Debug|x86.ActiveCfg = Debug|Win32
		{5FA87B3F-5BF6-4DF5-B83C-33911CA1BA09}.Debug|x86.Build.0 = Debug|Win32
		{5FA87B3F-5BF6-4DF5-B83C-33911CA1BA09}.Release|x64.ActiveCfg = Release|x64
		{5FA87B3F-5BF6-4DF5-B83C-33911CA1BA09}.Release|x64.Build.0 = Release|x64
		{5FA87B3F-5BF6-4DF5-B83C-33911CA1BA09}.Release|x86.ActiveCfg = Release|Win32
		{5FA87B3F-5BF6-4DF5-B83C-33911CA1BA09}.Release|x86.Build.0 = Release|Win32
	EndGlobalSection
	GlobalSection(SolutionProperties) = preSolution
		HideSolutionNode = FALSE
	EndGlobalSection
	GlobalSection(ExtensibilityGlobals) = postSolution
		SolutionGuid = {BEA77374-BA0B-480B-AAF7-55DE882914DE}
	EndGlobalSection
EndGlobal
